
Microsoft Visual Studio Solution File, Format Version 12.00
# Visual Studio Version 17
VisualStudioVersion = 17.2.32526.322
MinimumVisualStudioVersion = 10.0.40219.1
Project("{FAE04EC0-301F-11D3-BF4B-00C04F79EFBC}") = "Basic_Core_Programs", "Basic_Core_Programs\Basic_Core_Programs.csproj", "{3A87EADD-2D8B-402C-A794-E60FD182B7D4}"
EndProject
Global
	GlobalSection(SolutionConfigurationPlatforms) = preSolution
		Debug|Any CPU = Debug|Any CPU
		Release|Any CPU = Release|Any CPU
	EndGlobalSection
	GlobalSection(ProjectConfigurationPlatforms) = postSolution
		{3A87EADD-2D8B-402C-A794-E60FD182B7D4}.Debug|Any CPU.ActiveCfg = Debug|Any CPU
		{3A87EADD-2D8B-402C-A794-E60FD182B7D4}.Debug|Any CPU.Build.0 = Debug|Any CPU
		{3A87EADD-2D8B-402C-A794-E60FD182B7D4}.Release|Any CPU.ActiveCfg = Release|Any CPU
		{3A87EADD-2D8B-402C-A794-E60FD182B7D4}.Release|Any CPU.Build.0 = Release|Any CPU
	EndGlobalSection
	GlobalSection(SolutionProperties) = preSolution
		HideSolutionNode = FALSE
	EndGlobalSection
	GlobalSection(ExtensibilityGlobals) = postSolution
		SolutionGuid = {CCE2CD58-AE76-4E6D-BE7D-371C81AA1BF2}
	EndGlobalSection
EndGlobal
